
Microsoft Visual Studio Solution File, Format Version 12.00
# Visual Studio Version 17
VisualStudioVersion = 17.6.33723.286
MinimumVisualStudioVersion = 10.0.40219.1
Project("{FAE04EC0-301F-11D3-BF4B-00C04F79EFBC}") = "PruebaMongo", "PruebaMongo.csproj", "{D5CA0D21-80CF-45B1-BEA7-345ECB836D14}"
EndProject
Global
	GlobalSection(SolutionConfigurationPlatforms) = preSolution
		Debug|Any CPU = Debug|Any CPU
		Release|Any CPU = Release|Any CPU
	EndGlobalSection
	GlobalSection(ProjectConfigurationPlatforms) = postSolution
		{D5CA0D21-80CF-45B1-BEA7-345ECB836D14}.Debug|Any CPU.ActiveCfg = Debug|Any CPU
		{D5CA0D21-80CF-45B1-BEA7-345ECB836D14}.Debug|Any CPU.Build.0 = Debug|Any CPU
		{D5CA0D21-80CF-45B1-BEA7-345ECB836D14}.Release|Any CPU.ActiveCfg = Release|Any CPU
		{D5CA0D21-80CF-45B1-BEA7-345ECB836D14}.Release|Any CPU.Build.0 = Release|Any CPU
	EndGlobalSection
	GlobalSection(SolutionProperties) = preSolution
		HideSolutionNode = FALSE
	EndGlobalSection
	GlobalSection(ExtensibilityGlobals) = postSolution
		SolutionGuid = {B1BDEF42-5026-43AD-ABE4-F1942EFA75F4}
	EndGlobalSection
EndGlobal
