
Microsoft Visual Studio Solution File, Format Version 12.00
# Visual Studio Version 17
VisualStudioVersion = 17.6.33723.286
MinimumVisualStudioVersion = 10.0.40219.1
Project("{FAE04EC0-301F-11D3-BF4B-00C04F79EFBC}") = "EMT", "EMT.csproj", "{3C1C4A69-8986-4EB1-91E3-AE876D7E7A97}"
EndProject
Global
	GlobalSection(SolutionConfigurationPlatforms) = preSolution
		Debug|Any CPU = Debug|Any CPU
		Release|Any CPU = Release|Any CPU
	EndGlobalSection
	GlobalSection(ProjectConfigurationPlatforms) = postSolution
		{3C1C4A69-8986-4EB1-91E3-AE876D7E7A97}.Debug|Any CPU.ActiveCfg = Debug|Any CPU
		{3C1C4A69-8986-4EB1-91E3-AE876D7E7A97}.Debug|Any CPU.Build.0 = Debug|Any CPU
		{3C1C4A69-8986-4EB1-91E3-AE876D7E7A97}.Release|Any CPU.ActiveCfg = Release|Any CPU
		{3C1C4A69-8986-4EB1-91E3-AE876D7E7A97}.Release|Any CPU.Build.0 = Release|Any CPU
	EndGlobalSection
	GlobalSection(SolutionProperties) = preSolution
		HideSolutionNode = FALSE
	EndGlobalSection
	GlobalSection(ExtensibilityGlobals) = postSolution
		SolutionGuid = {90620CFF-7532-4305-B0DD-D56EE6FE6BC1}
	EndGlobalSection
EndGlobal
